
Microsoft Visual Studio Solution File, Format Version 12.00
# Visual Studio 15
VisualStudioVersion = 15.0.26730.15
MinimumVisualStudioVersion = 10.0.40219.1
Project("{FAE04EC0-301F-11D3-BF4B-00C04F79EFBC}") = "FoodWebApp", "FoodWebApp\FoodWebApp.csproj", "{2C324E54-E3C4-4A7B-AAAC-FA0DEA5F58E8}"
EndProject
Global
	GlobalSection(SolutionConfigurationPlatforms) = preSolution
		Debug|Any CPU = Debug|Any CPU
		Release|Any CPU = Release|Any CPU
	EndGlobalSection
	GlobalSection(ProjectConfigurationPlatforms) = postSolution
		{2C324E54-E3C4-4A7B-AAAC-FA0DEA5F58E8}.Debug|Any CPU.ActiveCfg = Debug|Any CPU
		{2C324E54-E3C4-4A7B-AAAC-FA0DEA5F58E8}.Debug|Any CPU.Build.0 = Debug|Any CPU
		{2C324E54-E3C4-4A7B-AAAC-FA0DEA5F58E8}.Release|Any CPU.ActiveCfg = Release|Any CPU
		{2C324E54-E3C4-4A7B-AAAC-FA0DEA5F58E8}.Release|Any CPU.Build.0 = Release|Any CPU
	EndGlobalSection
	GlobalSection(SolutionProperties) = preSolution
		HideSolutionNode = FALSE
	EndGlobalSection
	GlobalSection(ExtensibilityGlobals) = postSolution
		SolutionGuid = {3E8A0BA3-D266-4104-A142-D4C439780A3D}
	EndGlobalSection
EndGlobal
